
Microsoft Visual Studio Solution File, Format Version 12.00
# Visual Studio 15
VisualStudioVersion = 15.0.26730.12
MinimumVisualStudioVersion = 10.0.40219.1
Project("{FAE04EC0-301F-11D3-BF4B-00C04F79EFBC}") = "DGVC", "DGVC\DGVC.csproj", "{28DF1DC5-8FAD-4C46-828D-991053B65000}"
EndProject
Project("{FAE04EC0-301F-11D3-BF4B-00C04F79EFBC}") = "DGVC_UI", "DGVC_UI\DGVC_UI.csproj", "{A9B0214B-3A96-4194-BC29-F2F241F82D3F}"
	ProjectSection(ProjectDependencies) = postProject
		{28DF1DC5-8FAD-4C46-828D-991053B65000} = {28DF1DC5-8FAD-4C46-828D-991053B65000}
	EndProjectSection
EndProject
Project("{FAE04EC0-301F-11D3-BF4B-00C04F79EFBC}") = "DGVC_Console", "ConsoleApplication\DGVC_Console.csproj", "{979ABE2D-B2A5-4281-993E-887CF7F2B0CF}"
	ProjectSection(ProjectDependencies) = postProject
		{28DF1DC5-8FAD-4C46-828D-991053B65000} = {28DF1DC5-8FAD-4C46-828D-991053B65000}
	EndProjectSection
EndProject
Global
	GlobalSection(SolutionConfigurationPlatforms) = preSolution
		Debug|Any CPU = Debug|Any CPU
		Release|Any CPU = Release|Any CPU
	EndGlobalSection
	GlobalSection(ProjectConfigurationPlatforms) = postSolution
		{28DF1DC5-8FAD-4C46-828D-991053B65000}.Debug|Any CPU.ActiveCfg = Debug|Any CPU
		{28DF1DC5-8FAD-4C46-828D-991053B65000}.Debug|Any CPU.Build.0 = Debug|Any CPU
		{28DF1DC5-8FAD-4C46-828D-991053B65000}.Release|Any CPU.ActiveCfg = Release|Any CPU
		{28DF1DC5-8FAD-4C46-828D-991053B65000}.Release|Any CPU.Build.0 = Release|Any CPU
		{A9B0214B-3A96-4194-BC29-F2F241F82D3F}.Debug|Any CPU.ActiveCfg = Debug|Any CPU
		{A9B0214B-3A96-4194-BC29-F2F241F82D3F}.Debug|Any CPU.Build.0 = Debug|Any CPU
		{A9B0214B-3A96-4194-BC29-F2F241F82D3F}.Release|Any CPU.ActiveCfg = Release|Any CPU
		{A9B0214B-3A96-4194-BC29-F2F241F82D3F}.Release|Any CPU.Build.0 = Release|Any CPU
		{979ABE2D-B2A5-4281-993E-887CF7F2B0CF}.Debug|Any CPU.ActiveCfg = Debug|Any CPU
		{979ABE2D-B2A5-4281-993E-887CF7F2B0CF}.Debug|Any CPU.Build.0 = Debug|Any CPU
		{979ABE2D-B2A5-4281-993E-887CF7F2B0CF}.Release|Any CPU.ActiveCfg = Release|Any CPU
		{979ABE2D-B2A5-4281-993E-887CF7F2B0CF}.Release|Any CPU.Build.0 = Release|Any CPU
	EndGlobalSection
	GlobalSection(SolutionProperties) = preSolution
		HideSolutionNode = FALSE
	EndGlobalSection
	GlobalSection(ExtensibilityGlobals) = postSolution
		SolutionGuid = {E656372F-D5E1-4E6A-A87E-1C9164101D69}
	EndGlobalSection
EndGlobal
