
Microsoft Visual Studio Solution File, Format Version 12.00
# Visual Studio 15
VisualStudioVersion = 15.0.26730.12
MinimumVisualStudioVersion = 10.0.40219.1
Project("{FAE04EC0-301F-11D3-BF4B-00C04F79EFBC}") = "TestProject", "TestProject\TestProject.csproj", "{28DF1DC5-8FAD-4C46-828D-991053B65000}"
EndProject
Global
	GlobalSection(SolutionConfigurationPlatforms) = preSolution
		Debug|Any CPU = Debug|Any CPU
		Release|Any CPU = Release|Any CPU
	EndGlobalSection
	GlobalSection(ProjectConfigurationPlatforms) = postSolution
		{28DF1DC5-8FAD-4C46-828D-991053B65000}.Debug|Any CPU.ActiveCfg = Debug|Any CPU
		{28DF1DC5-8FAD-4C46-828D-991053B65000}.Debug|Any CPU.Build.0 = Debug|Any CPU
		{28DF1DC5-8FAD-4C46-828D-991053B65000}.Release|Any CPU.ActiveCfg = Release|Any CPU
		{28DF1DC5-8FAD-4C46-828D-991053B65000}.Release|Any CPU.Build.0 = Release|Any CPU
	EndGlobalSection
	GlobalSection(SolutionProperties) = preSolution
		HideSolutionNode = FALSE
	EndGlobalSection
	GlobalSection(ExtensibilityGlobals) = postSolution
		SolutionGuid = {E656372F-D5E1-4E6A-A87E-1C9164101D69}
	EndGlobalSection
EndGlobal
